
Microsoft Visual Studio Solution File, Format Version 12.00
# Visual Studio Version 16
VisualStudioVersion = 16.0.29709.97
MinimumVisualStudioVersion = 10.0.40219.1
Project("{9A19103F-16F7-4668-BE54-9A1E7A4F7556}") = "GameTests", "GameTests\GameTests.csproj", "{9027927B-0486-405A-9641-C8455A9909DC}"
EndProject
Project("{9A19103F-16F7-4668-BE54-9A1E7A4F7556}") = "Game.ConsoleUI", "Game.ConsoleUI\Game.ConsoleUI.csproj", "{5213C3C0-6BEB-4514-82EC-6DC5916E585A}"
EndProject
Project("{FAE04EC0-301F-11D3-BF4B-00C04F79EFBC}") = "WordGame.Game", "WordGame.Game\WordGame.Game.csproj", "{3E25651D-74C5-4793-BA1F-AEF47A8AAB29}"
EndProject
Project("{FAE04EC0-301F-11D3-BF4B-00C04F79EFBC}") = "WordGame.GameState", "WordGame.GameState\WordGame.GameState.csproj", "{8CC8A3DA-E2A2-4FD0-B922-CB94D733B318}"
EndProject
Project("{FAE04EC0-301F-11D3-BF4B-00C04F79EFBC}") = "WordGame.BotService", "WordGame.BotService\WordGame.BotService.csproj", "{D5769016-7E37-4377-A945-F815AB8B26D6}"
EndProject
Project("{FAE04EC0-301F-11D3-BF4B-00C04F79EFBC}") = "WordGame.Dictionary", "WordGame.Dictionary\WordGame.Dictionary.csproj", "{151569DB-2EFC-4DBB-A65D-5ABF7E06F41F}"
EndProject
Project("{FAE04EC0-301F-11D3-BF4B-00C04F79EFBC}") = "WordGame.ConsoleUI", "WordGame.ConsoleUI\WordGame.ConsoleUI.csproj", "{24D1665C-2EC4-4EDC-B3EA-B77A5067769A}"
EndProject
Project("{FAE04EC0-301F-11D3-BF4B-00C04F79EFBC}") = "WordGame.Common", "WordGame.Common\WordGame.Common.csproj", "{E44BACB5-839E-44CB-A8A6-BFAD99107120}"
EndProject
Global
	GlobalSection(SolutionConfigurationPlatforms) = preSolution
		Debug|Any CPU = Debug|Any CPU
		Release|Any CPU = Release|Any CPU
	EndGlobalSection
	GlobalSection(ProjectConfigurationPlatforms) = postSolution
		{9027927B-0486-405A-9641-C8455A9909DC}.Debug|Any CPU.ActiveCfg = Debug|Any CPU
		{9027927B-0486-405A-9641-C8455A9909DC}.Debug|Any CPU.Build.0 = Debug|Any CPU
		{9027927B-0486-405A-9641-C8455A9909DC}.Release|Any CPU.ActiveCfg = Release|Any CPU
		{9027927B-0486-405A-9641-C8455A9909DC}.Release|Any CPU.Build.0 = Release|Any CPU
		{5213C3C0-6BEB-4514-82EC-6DC5916E585A}.Debug|Any CPU.ActiveCfg = Debug|Any CPU
		{5213C3C0-6BEB-4514-82EC-6DC5916E585A}.Debug|Any CPU.Build.0 = Debug|Any CPU
		{5213C3C0-6BEB-4514-82EC-6DC5916E585A}.Release|Any CPU.ActiveCfg = Release|Any CPU
		{5213C3C0-6BEB-4514-82EC-6DC5916E585A}.Release|Any CPU.Build.0 = Release|Any CPU
		{3E25651D-74C5-4793-BA1F-AEF47A8AAB29}.Debug|Any CPU.ActiveCfg = Debug|Any CPU
		{3E25651D-74C5-4793-BA1F-AEF47A8AAB29}.Debug|Any CPU.Build.0 = Debug|Any CPU
		{3E25651D-74C5-4793-BA1F-AEF47A8AAB29}.Release|Any CPU.ActiveCfg = Release|Any CPU
		{3E25651D-74C5-4793-BA1F-AEF47A8AAB29}.Release|Any CPU.Build.0 = Release|Any CPU
		{8CC8A3DA-E2A2-4FD0-B922-CB94D733B318}.Debug|Any CPU.ActiveCfg = Debug|Any CPU
		{8CC8A3DA-E2A2-4FD0-B922-CB94D733B318}.Debug|Any CPU.Build.0 = Debug|Any CPU
		{8CC8A3DA-E2A2-4FD0-B922-CB94D733B318}.Release|Any CPU.ActiveCfg = Release|Any CPU
		{8CC8A3DA-E2A2-4FD0-B922-CB94D733B318}.Release|Any CPU.Build.0 = Release|Any CPU
		{D5769016-7E37-4377-A945-F815AB8B26D6}.Debug|Any CPU.ActiveCfg = Debug|Any CPU
		{D5769016-7E37-4377-A945-F815AB8B26D6}.Debug|Any CPU.Build.0 = Debug|Any CPU
		{D5769016-7E37-4377-A945-F815AB8B26D6}.Release|Any CPU.ActiveCfg = Release|Any CPU
		{D5769016-7E37-4377-A945-F815AB8B26D6}.Release|Any CPU.Build.0 = Release|Any CPU
		{151569DB-2EFC-4DBB-A65D-5ABF7E06F41F}.Debug|Any CPU.ActiveCfg = Debug|Any CPU
		{151569DB-2EFC-4DBB-A65D-5ABF7E06F41F}.Debug|Any CPU.Build.0 = Debug|Any CPU
		{151569DB-2EFC-4DBB-A65D-5ABF7E06F41F}.Release|Any CPU.ActiveCfg = Release|Any CPU
		{151569DB-2EFC-4DBB-A65D-5ABF7E06F41F}.Release|Any CPU.Build.0 = Release|Any CPU
		{24D1665C-2EC4-4EDC-B3EA-B77A5067769A}.Debug|Any CPU.ActiveCfg = Debug|Any CPU
		{24D1665C-2EC4-4EDC-B3EA-B77A5067769A}.Debug|Any CPU.Build.0 = Debug|Any CPU
		{24D1665C-2EC4-4EDC-B3EA-B77A5067769A}.Release|Any CPU.ActiveCfg = Release|Any CPU
		{24D1665C-2EC4-4EDC-B3EA-B77A5067769A}.Release|Any CPU.Build.0 = Release|Any CPU
		{E44BACB5-839E-44CB-A8A6-BFAD99107120}.Debug|Any CPU.ActiveCfg = Debug|Any CPU
		{E44BACB5-839E-44CB-A8A6-BFAD99107120}.Debug|Any CPU.Build.0 = Debug|Any CPU
		{E44BACB5-839E-44CB-A8A6-BFAD99107120}.Release|Any CPU.ActiveCfg = Release|Any CPU
		{E44BACB5-839E-44CB-A8A6-BFAD99107120}.Release|Any CPU.Build.0 = Release|Any CPU
	EndGlobalSection
	GlobalSection(SolutionProperties) = preSolution
		HideSolutionNode = FALSE
	EndGlobalSection
	GlobalSection(ExtensibilityGlobals) = postSolution
		SolutionGuid = {507B6FE2-98F7-4470-9236-11BC4DDA59E2}
	EndGlobalSection
EndGlobal
