
Microsoft Visual Studio Solution File, Format Version 12.00
# Visual Studio Version 16
VisualStudioVersion = 16.0.29709.97
MinimumVisualStudioVersion = 10.0.40219.1
Project("{9A19103F-16F7-4668-BE54-9A1E7A4F7556}") = "GameTests", "GameTests\GameTests.csproj", "{9027927B-0486-405A-9641-C8455A9909DC}"
EndProject
Project("{9A19103F-16F7-4668-BE54-9A1E7A4F7556}") = "Game.ConsoleUI", "Game.ConsoleUI\Game.ConsoleUI.csproj", "{5213C3C0-6BEB-4514-82EC-6DC5916E585A}"
EndProject
Global
	GlobalSection(SolutionConfigurationPlatforms) = preSolution
		Debug|Any CPU = Debug|Any CPU
		Release|Any CPU = Release|Any CPU
	EndGlobalSection
	GlobalSection(ProjectConfigurationPlatforms) = postSolution
		{9027927B-0486-405A-9641-C8455A9909DC}.Debug|Any CPU.ActiveCfg = Debug|Any CPU
		{9027927B-0486-405A-9641-C8455A9909DC}.Debug|Any CPU.Build.0 = Debug|Any CPU
		{9027927B-0486-405A-9641-C8455A9909DC}.Release|Any CPU.ActiveCfg = Release|Any CPU
		{9027927B-0486-405A-9641-C8455A9909DC}.Release|Any CPU.Build.0 = Release|Any CPU
		{5213C3C0-6BEB-4514-82EC-6DC5916E585A}.Debug|Any CPU.ActiveCfg = Debug|Any CPU
		{5213C3C0-6BEB-4514-82EC-6DC5916E585A}.Debug|Any CPU.Build.0 = Debug|Any CPU
		{5213C3C0-6BEB-4514-82EC-6DC5916E585A}.Release|Any CPU.ActiveCfg = Release|Any CPU
		{5213C3C0-6BEB-4514-82EC-6DC5916E585A}.Release|Any CPU.Build.0 = Release|Any CPU
	EndGlobalSection
	GlobalSection(SolutionProperties) = preSolution
		HideSolutionNode = FALSE
	EndGlobalSection
	GlobalSection(ExtensibilityGlobals) = postSolution
		SolutionGuid = {507B6FE2-98F7-4470-9236-11BC4DDA59E2}
	EndGlobalSection
EndGlobal
